// !$*UTF8*$!
{
	archiveVersion = 1;
	classes = {
	};
	objectVersion = 46;
	objects = {

/* Begin PBXBuildFile section */
		DC9129351C27A1A1009E379B /* AppDelegate.swift in Sources */ = {isa = PBXBuildFile; fileRef = DC9129341C27A1A1009E379B /* AppDelegate.swift */; };
		DC9129371C27A1A1009E379B /* ViewController.swift in Sources */ = {isa = PBXBuildFile; fileRef = DC9129361C27A1A1009E379B /* ViewController.swift */; };
		DC91293A1C27A1A1009E379B /* Main.storyboard in Resources */ = {isa = PBXBuildFile; fileRef = DC9129381C27A1A1009E379B /* Main.storyboard */; };
		DC91293D1C27A1A1009E379B /* my_favorite_weather.xcdatamodeld in Sources */ = {isa = PBXBuildFile; fileRef = DC91293B1C27A1A1009E379B /* my_favorite_weather.xcdatamodeld */; };
		DC91293F1C27A1A1009E379B /* Assets.xcassets in Resources */ = {isa = PBXBuildFile; fileRef = DC91293E1C27A1A1009E379B /* Assets.xcassets */; };
		DC9129421C27A1A1009E379B /* LaunchScreen.storyboard in Resources */ = {isa = PBXBuildFile; fileRef = DC9129401C27A1A1009E379B /* LaunchScreen.storyboard */; };
		DC91294D1C27A1A2009E379B /* my_favorite_weatherTests.swift in Sources */ = {isa = PBXBuildFile; fileRef = DC91294C1C27A1A2009E379B /* my_favorite_weatherTests.swift */; };
		DC9129581C27A1A2009E379B /* my_favorite_weatherUITests.swift in Sources */ = {isa = PBXBuildFile; fileRef = DC9129571C27A1A2009E379B /* my_favorite_weatherUITests.swift */; };
/* End PBXBuildFile section */

/* Begin PBXContainerItemProxy section */
		DC9129491C27A1A2009E379B /* PBXContainerItemProxy */ = {
			isa = PBXContainerItemProxy;
			containerPortal = DC9129291C27A1A1009E379B /* Project object */;
			proxyType = 1;
			remoteGlobalIDString = DC9129301C27A1A1009E379B;
			remoteInfo = "my-favorite-weather";
		};
		DC9129541C27A1A2009E379B /* PBXContainerItemProxy */ = {
			isa = PBXContainerItemProxy;
			containerPortal = DC9129291C27A1A1009E379B /* Project object */;
			proxyType = 1;
			remoteGlobalIDString = DC9129301C27A1A1009E379B;
			remoteInfo = "my-favorite-weather";
		};
/* End PBXContainerItemProxy section */

/* Begin PBXFileReference section */
		DC9129311C27A1A1009E379B /* my-favorite-weather.app */ = {isa = PBXFileReference; explicitFileType = wrapper.application; includeInIndex = 0; path = "my-favorite-weather.app"; sourceTree = BUILT_PRODUCTS_DIR; };
		DC9129341C27A1A1009E379B /* AppDelegate.swift */ = {isa = PBXFileReference; lastKnownFileType = sourcecode.swift; path = AppDelegate.swift; sourceTree = "<group>"; };
		DC9129361C27A1A1009E379B /* ViewController.swift */ = {isa = PBXFileReference; lastKnownFileType = sourcecode.swift; path = ViewController.swift; sourceTree = "<group>"; };
		DC9129391C27A1A1009E379B /* Base */ = {isa = PBXFileReference; lastKnownFileType = file.storyboard; name = Base; path = Base.lproj/Main.storyboard; sourceTree = "<group>"; };
		DC91293C1C27A1A1009E379B /* my_favorite_weather.xcdatamodel */ = {isa = PBXFileReference; lastKnownFileType = wrapper.xcdatamodel; path = my_favorite_weather.xcdatamodel; sourceTree = "<group>"; };
		DC91293E1C27A1A1009E379B /* Assets.xcassets */ = {isa = PBXFileReference; lastKnownFileType = folder.assetcatalog; path = Assets.xcassets; sourceTree = "<group>"; };
		DC9129411C27A1A1009E379B /* Base */ = {isa = PBXFileReference; lastKnownFileType = file.storyboard; name = Base; path = Base.lproj/LaunchScreen.storyboard; sourceTree = "<group>"; };
		DC9129431C27A1A1009E379B /* Info.plist */ = {isa = PBXFileReference; lastKnownFileType = text.plist.xml; path = Info.plist; sourceTree = "<group>"; };
		DC9129481C27A1A2009E379B /* my-favorite-weatherTests.xctest */ = {isa = PBXFileReference; explicitFileType = wrapper.cfbundle; includeInIndex = 0; path = "my-favorite-weatherTests.xctest"; sourceTree = BUILT_PRODUCTS_DIR; };
		DC91294C1C27A1A2009E379B /* my_favorite_weatherTests.swift */ = {isa = PBXFileReference; lastKnownFileType = sourcecode.swift; path = my_favorite_weatherTests.swift; sourceTree = "<group>"; };
		DC91294E1C27A1A2009E379B /* Info.plist */ = {isa = PBXFileReference; lastKnownFileType = text.plist.xml; path = Info.plist; sourceTree = "<group>"; };
		DC9129531C27A1A2009E379B /* my-favorite-weatherUITests.xctest */ = {isa = PBXFileReference; explicitFileType = wrapper.cfbundle; includeInIndex = 0; path = "my-favorite-weatherUITests.xctest"; sourceTree = BUILT_PRODUCTS_DIR; };
		DC9129571C27A1A2009E379B /* my_favorite_weatherUITests.swift */ = {isa = PBXFileReference; lastKnownFileType = sourcecode.swift; path = my_favorite_weatherUITests.swift; sourceTree = "<group>"; };
		DC9129591C27A1A2009E379B /* Info.plist */ = {isa = PBXFileReference; lastKnownFileType = text.plist.xml; path = Info.plist; sourceTree = "<group>"; };
/* End PBXFileReference section */

/* Begin PBXFrameworksBuildPhase section */
		DC91292E1C27A1A1009E379B /* Frameworks */ = {
			isa = PBXFrameworksBuildPhase;
			buildActionMask = 2147483647;
			files = (
			);
			runOnlyForDeploymentPostprocessing = 0;
		};
		DC9129451C27A1A2009E379B /* Frameworks */ = {
			isa = PBXFrameworksBuildPhase;
			buildActionMask = 2147483647;
			files = (
			);
			runOnlyForDeploymentPostprocessing = 0;
		};
		DC9129501C27A1A2009E379B /* Frameworks */ = {
			isa = PBXFrameworksBuildPhase;
			buildActionMask = 2147483647;
			files = (
			);
			runOnlyForDeploymentPostprocessing = 0;
		};
/* End PBXFrameworksBuildPhase section */

/* Begin PBXGroup section */
		DC9129281C27A1A1009E379B = {
			isa = PBXGroup;
			children = (
				DC9129331C27A1A1009E379B /* my-favorite-weather */,
				DC91294B1C27A1A2009E379B /* my-favorite-weatherTests */,
				DC9129561C27A1A2009E379B /* my-favorite-weatherUITests */,
				DC9129321C27A1A1009E379B /* Products */,
			);
			sourceTree = "<group>";
		};
		DC9129321C27A1A1009E379B /* Products */ = {
			isa = PBXGroup;
			children = (
				DC9129311C27A1A1009E379B /* my-favorite-weather.app */,
				DC9129481C27A1A2009E379B /* my-favorite-weatherTests.xctest */,
				DC9129531C27A1A2009E379B /* my-favorite-weatherUITests.xctest */,
			);
			name = Products;
			sourceTree = "<group>";
		};
		DC9129331C27A1A1009E379B /* my-favorite-weather */ = {
			isa = PBXGroup;
			children = (
				DC9129341C27A1A1009E379B /* AppDelegate.swift */,
				DC9129361C27A1A1009E379B /* ViewController.swift */,
				DC9129381C27A1A1009E379B /* Main.storyboard */,
				DC91293E1C27A1A1009E379B /* Assets.xcassets */,
				DC9129401C27A1A1009E379B /* LaunchScreen.storyboard */,
				DC9129431C27A1A1009E379B /* Info.plist */,
				DC91293B1C27A1A1009E379B /* my_favorite_weather.xcdatamodeld */,
			);
			path = "my-favorite-weather";
			sourceTree = "<group>";
		};
		DC91294B1C27A1A2009E379B /* my-favorite-weatherTests */ = {
			isa = PBXGroup;
			children = (
				DC91294C1C27A1A2009E379B /* my_favorite_weatherTests.swift */,
				DC91294E1C27A1A2009E379B /* Info.plist */,
			);
			path = "my-favorite-weatherTests";
			sourceTree = "<group>";
		};
		DC9129561C27A1A2009E379B /* my-favorite-weatherUITests */ = {
			isa = PBXGroup;
			children = (
				DC9129571C27A1A2009E379B /* my_favorite_weatherUITests.swift */,
				DC9129591C27A1A2009E379B /* Info.plist */,
			);
			path = "my-favorite-weatherUITests";
			sourceTree = "<group>";
		};
/* End PBXGroup section */

/* Begin PBXNativeTarget section */
		DC9129301C27A1A1009E379B /* my-favorite-weather */ = {
			isa = PBXNativeTarget;
			buildConfigurationList = DC91295C1C27A1A2009E379B /* Build configuration list for PBXNativeTarget "my-favorite-weather" */;
			buildPhases = (
				DC91292D1C27A1A1009E379B /* Sources */,
				DC91292E1C27A1A1009E379B /* Frameworks */,
				DC91292F1C27A1A1009E379B /* Resources */,
			);
			buildRules = (
			);
			dependencies = (
			);
			name = "my-favorite-weather";
			productName = "my-favorite-weather";
			productReference = DC9129311C27A1A1009E379B /* my-favorite-weather.app */;
			productType = "com.apple.product-type.application";
		};
		DC9129471C27A1A2009E379B /* my-favorite-weatherTests */ = {
			isa = PBXNativeTarget;
			buildConfigurationList = DC91295F1C27A1A2009E379B /* Build configuration list for PBXNativeTarget "my-favorite-weatherTests" */;
			buildPhases = (
				DC9129441C27A1A2009E379B /* Sources */,
				DC9129451C27A1A2009E379B /* Frameworks */,
				DC9129461C27A1A2009E379B /* Resources */,
			);
			buildRules = (
			);
			dependencies = (
				DC91294A1C27A1A2009E379B /* PBXTargetDependency */,
			);
			name = "my-favorite-weatherTests";
			productName = "my-favorite-weatherTests";
			productReference = DC9129481C27A1A2009E379B /* my-favorite-weatherTests.xctest */;
			productType = "com.apple.product-type.bundle.unit-test";
		};
		DC9129521C27A1A2009E379B /* my-favorite-weatherUITests */ = {
			isa = PBXNativeTarget;
			buildConfigurationList = DC9129621C27A1A2009E379B /* Build configuration list for PBXNativeTarget "my-favorite-weatherUITests" */;
			buildPhases = (
				DC91294F1C27A1A2009E379B /* Sources */,
				DC9129501C27A1A2009E379B /* Frameworks */,
				DC9129511C27A1A2009E379B /* Resources */,
			);
			buildRules = (
			);
			dependencies = (
				DC9129551C27A1A2009E379B /* PBXTargetDependency */,
			);
			name = "my-favorite-weatherUITests";
			productName = "my-favorite-weatherUITests";
			productReference = DC9129531C27A1A2009E379B /* my-favorite-weatherUITests.xctest */;
			productType = "com.apple.product-type.bundle.ui-testing";
		};
/* End PBXNativeTarget section */

/* Begin PBXProject section */
		DC9129291C27A1A1009E379B /* Project object */ = {
			isa = PBXProject;
			attributes = {
				LastSwiftUpdateCheck = 0720;
				LastUpgradeCheck = 0720;
				ORGANIZATIONNAME = Kersuzan;
				TargetAttributes = {
					DC9129301C27A1A1009E379B = {
						CreatedOnToolsVersion = 7.2;
					};
					DC9129471C27A1A2009E379B = {
						CreatedOnToolsVersion = 7.2;
						TestTargetID = DC9129301C27A1A1009E379B;
					};
					DC9129521C27A1A2009E379B = {
						CreatedOnToolsVersion = 7.2;
						TestTargetID = DC9129301C27A1A1009E379B;
					};
				};
			};
			buildConfigurationList = DC91292C1C27A1A1009E379B /* Build configuration list for PBXProject "my-favorite-weather" */;
			compatibilityVersion = "Xcode 3.2";
			developmentRegion = English;
			hasScannedForEncodings = 0;
			knownRegions = (
				en,
				Base,
			);
			mainGroup = DC9129281C27A1A1009E379B;
			productRefGroup = DC9129321C27A1A1009E379B /* Products */;
			projectDirPath = "";
			projectRoot = "";
			targets = (
				DC9129301C27A1A1009E379B /* my-favorite-weather */,
				DC9129471C27A1A2009E379B /* my-favorite-weatherTests */,
				DC9129521C27A1A2009E379B /* my-favorite-weatherUITests */,
			);
		};
/* End PBXProject section */

/* Begin PBXResourcesBuildPhase section */
		DC91292F1C27A1A1009E379B /* Resources */ = {
			isa = PBXResourcesBuildPhase;
			buildActionMask = 2147483647;
			files = (
				DC9129421C27A1A1009E379B /* LaunchScreen.storyboard in Resources */,
				DC91293F1C27A1A1009E379B /* Assets.xcassets in Resources */,
				DC91293A1C27A1A1009E379B /* Main.storyboard in Resources */,
			);
			runOnlyForDeploymentPostprocessing = 0;
		};
		DC9129461C27A1A2009E379B /* Resources */ = {
			isa = PBXResourcesBuildPhase;
			buildActionMask = 2147483647;
			files = (
			);
			runOnlyForDeploymentPostprocessing = 0;
		};
		DC9129511C27A1A2009E379B /* Resources */ = {
			isa = PBXResourcesBuildPhase;
			buildActionMask = 2147483647;
			files = (
			);
			runOnlyForDeploymentPostprocessing = 0;
		};
/* End PBXResourcesBuildPhase section */

/* Begin PBXSourcesBuildPhase section */
		DC91292D1C27A1A1009E379B /* Sources */ = {
			isa = PBXSourcesBuildPhase;
			buildActionMask = 2147483647;
			files = (
				DC9129371C27A1A1009E379B /* ViewController.swift in Sources */,
				DC9129351C27A1A1009E379B /* AppDelegate.swift in Sources */,
				DC91293D1C27A1A1009E379B /* my_favorite_weather.xcdatamodeld in Sources */,
			);
			runOnlyForDeploymentPostprocessing = 0;
		};
		DC9129441C27A1A2009E379B /* Sources */ = {
			isa = PBXSourcesBuildPhase;
			buildActionMask = 2147483647;
			files = (
				DC91294D1C27A1A2009E379B /* my_favorite_weatherTests.swift in Sources */,
			);
			runOnlyForDeploymentPostprocessing = 0;
		};
		DC91294F1C27A1A2009E379B /* Sources */ = {
			isa = PBXSourcesBuildPhase;
			buildActionMask = 2147483647;
			files = (
				DC9129581C27A1A2009E379B /* my_favorite_weatherUITests.swift in Sources */,
			);
			runOnlyForDeploymentPostprocessing = 0;
		};
/* End PBXSourcesBuildPhase section */

/* Begin PBXTargetDependency section */
		DC91294A1C27A1A2009E379B /* PBXTargetDependency */ = {
			isa = PBXTargetDependency;
			target = DC9129301C27A1A1009E379B /* my-favorite-weather */;
			targetProxy = DC9129491C27A1A2009E379B /* PBXContainerItemProxy */;
		};
		DC9129551C27A1A2009E379B /* PBXTargetDependency */ = {
			isa = PBXTargetDependency;
			target = DC9129301C27A1A1009E379B /* my-favorite-weather */;
			targetProxy = DC9129541C27A1A2009E379B /* PBXContainerItemProxy */;
		};
/* End PBXTargetDependency section */

/* Begin PBXVariantGroup section */
		DC9129381C27A1A1009E379B /* Main.storyboard */ = {
			isa = PBXVariantGroup;
			children = (
				DC9129391C27A1A1009E379B /* Base */,
			);
			name = Main.storyboard;
			sourceTree = "<group>";
		};
		DC9129401C27A1A1009E379B /* LaunchScreen.storyboard */ = {
			isa = PBXVariantGroup;
			children = (
				DC9129411C27A1A1009E379B /* Base */,
			);
			name = LaunchScreen.storyboard;
			sourceTree = "<group>";
		};
/* End PBXVariantGroup section */

/* Begin XCBuildConfiguration section */
		DC91295A1C27A1A2009E379B /* Debug */ = {
			isa = XCBuildConfiguration;
			buildSettings = {
				ALWAYS_SEARCH_USER_PATHS = NO;
				CLANG_CXX_LANGUAGE_STANDARD = "gnu++0x";
				CLANG_CXX_LIBRARY = "libc++";
				CLANG_ENABLE_MODULES = YES;
				CLANG_ENABLE_OBJC_ARC = YES;
				CLANG_WARN_BOOL_CONVERSION = YES;
				CLANG_WARN_CONSTANT_CONVERSION = YES;
				CLANG_WARN_DIRECT_OBJC_ISA_USAGE = YES_ERROR;
				CLANG_WARN_EMPTY_BODY = YES;
				CLANG_WARN_ENUM_CONVERSION = YES;
				CLANG_WARN_INT_CONVERSION = YES;
				CLANG_WARN_OBJC_ROOT_CLASS = YES_ERROR;
				CLANG_WARN_UNREACHABLE_CODE = YES;
				CLANG_WARN__DUPLICATE_METHOD_MATCH = YES;
				"CODE_SIGN_IDENTITY[sdk=iphoneos*]" = "iPhone Developer";
				COPY_PHASE_STRIP = NO;
				DEBUG_INFORMATION_FORMAT = dwarf;
				ENABLE_STRICT_OBJC_MSGSEND = YES;
				ENABLE_TESTABILITY = YES;
				GCC_C_LANGUAGE_STANDARD = gnu99;
				GCC_DYNAMIC_NO_PIC = NO;
				GCC_NO_COMMON_BLOCKS = YES;
				GCC_OPTIMIZATION_LEVEL = 0;
				GCC_PREPROCESSOR_DEFINITIONS = (
					"DEBUG=1",
					"$(inherited)",
				);
				GCC_WARN_64_TO_32_BIT_CONVERSION = YES;
				GCC_WARN_ABOUT_RETURN_TYPE = YES_ERROR;
				GCC_WARN_UNDECLARED_SELECTOR = YES;
				GCC_WARN_UNINITIALIZED_AUTOS = YES_AGGRESSIVE;
				GCC_WARN_UNUSED_FUNCTION = YES;
				GCC_WARN_UNUSED_VARIABLE = YES;
				IPHONEOS_DEPLOYMENT_TARGET = 9.2;
				MTL_ENABLE_DEBUG_INFO = YES;
				ONLY_ACTIVE_ARCH = YES;
				SDKROOT = iphoneos;
				SWIFT_OPTIMIZATION_LEVEL = "-Onone";
				TARGETED_DEVICE_FAMILY = "1,2";
			};
			name = Debug;
		};
		DC91295B1C27A1A2009E379B /* Release */ = {
			isa = XCBuildConfiguration;
			buildSettings = {
				ALWAYS_SEARCH_USER_PATHS = NO;
				CLANG_CXX_LANGUAGE_STANDARD = "gnu++0x";
				CLANG_CXX_LIBRARY = "libc++";
				CLANG_ENABLE_MODULES = YES;
				CLANG_ENABLE_OBJC_ARC = YES;
				CLANG_WARN_BOOL_CONVERSION = YES;
				CLANG_WARN_CONSTANT_CONVERSION = YES;
				CLANG_WARN_DIRECT_OBJC_ISA_USAGE = YES_ERROR;
				CLANG_WARN_EMPTY_BODY = YES;
				CLANG_WARN_ENUM_CONVERSION = YES;
				CLANG_WARN_INT_CONVERSION = YES;
				CLANG_WARN_OBJC_ROOT_CLASS = YES_ERROR;
				CLANG_WARN_UNREACHABLE_CODE = YES;
				CLANG_WARN__DUPLICATE_METHOD_MATCH = YES;
				"CODE_SIGN_IDENTITY[sdk=iphoneos*]" = "iPhone Developer";
				COPY_PHASE_STRIP = NO;
				DEBUG_INFORMATION_FORMAT = "dwarf-with-dsym";
				ENABLE_NS_ASSERTIONS = NO;
				ENABLE_STRICT_OBJC_MSGSEND = YES;
				GCC_C_LANGUAGE_STANDARD = gnu99;
				GCC_NO_COMMON_BLOCKS = YES;
				GCC_WARN_64_TO_32_BIT_CONVERSION = YES;
				GCC_WARN_ABOUT_RETURN_TYPE = YES_ERROR;
				GCC_WARN_UNDECLARED_SELECTOR = YES;
				GCC_WARN_UNINITIALIZED_AUTOS = YES_AGGRESSIVE;
				GCC_WARN_UNUSED_FUNCTION = YES;
				GCC_WARN_UNUSED_VARIABLE = YES;
				IPHONEOS_DEPLOYMENT_TARGET = 9.2;
				MTL_ENABLE_DEBUG_INFO = NO;
				SDKROOT = iphoneos;
				TARGETED_DEVICE_FAMILY = "1,2";
				VALIDATE_PRODUCT = YES;
			};
			name = Release;
		};
		DC91295D1C27A1A2009E379B /* Debug */ = {
			isa = XCBuildConfiguration;
			buildSettings = {
				ASSETCATALOG_COMPILER_APPICON_NAME = AppIcon;
				INFOPLIST_FILE = "my-favorite-weather/Info.plist";
				LD_RUNPATH_SEARCH_PATHS = "$(inherited) @executable_path/Frameworks";
				PRODUCT_BUNDLE_IDENTIFIER = "com.kersuzan.my-favorite-weather";
				PRODUCT_NAME = "$(TARGET_NAME)";
			};
			name = Debug;
		};
		DC91295E1C27A1A2009E379B /* Release */ = {
			isa = XCBuildConfiguration;
			buildSettings = {
				ASSETCATALOG_COMPILER_APPICON_NAME = AppIcon;
				INFOPLIST_FILE = "my-favorite-weather/Info.plist";
				LD_RUNPATH_SEARCH_PATHS = "$(inherited) @executable_path/Frameworks";
				PRODUCT_BUNDLE_IDENTIFIER = "com.kersuzan.my-favorite-weather";
				PRODUCT_NAME = "$(TARGET_NAME)";
			};
			name = Release;
		};
		DC9129601C27A1A2009E379B /* Debug */ = {
			isa = XCBuildConfiguration;
			buildSettings = {
				BUNDLE_LOADER = "$(TEST_HOST)";
				INFOPLIST_FILE = "my-favorite-weatherTests/Info.plist";
				LD_RUNPATH_SEARCH_PATHS = "$(inherited) @executable_path/Frameworks @loader_path/Frameworks";
				PRODUCT_BUNDLE_IDENTIFIER = "com.kersuzan.my-favorite-weatherTests";
				PRODUCT_NAME = "$(TARGET_NAME)";
				TEST_HOST = "$(BUILT_PRODUCTS_DIR)/my-favorite-weather.app/my-favorite-weather";
			};
			name = Debug;
		};
		DC9129611C27A1A2009E379B /* Release */ = {
			isa = XCBuildConfiguration;
			buildSettings = {
				BUNDLE_LOADER = "$(TEST_HOST)";
				INFOPLIST_FILE = "my-favorite-weatherTests/Info.plist";
				LD_RUNPATH_SEARCH_PATHS = "$(inherited) @executable_path/Frameworks @loader_path/Frameworks";
				PRODUCT_BUNDLE_IDENTIFIER = "com.kersuzan.my-favorite-weatherTests";
				PRODUCT_NAME = "$(TARGET_NAME)";
				TEST_HOST = "$(BUILT_PRODUCTS_DIR)/my-favorite-weather.app/my-favorite-weather";
			};
			name = Release;
		};
		DC9129631C27A1A2009E379B /* Debug */ = {
			isa = XCBuildConfiguration;
			buildSettings = {
				INFOPLIST_FILE = "my-favorite-weatherUITests/Info.plist";
				LD_RUNPATH_SEARCH_PATHS = "$(inherited) @executable_path/Frameworks @loader_path/Frameworks";
				PRODUCT_BUNDLE_IDENTIFIER = "com.kersuzan.my-favorite-weatherUITests";
				PRODUCT_NAME = "$(TARGET_NAME)";
				TEST_TARGET_NAME = "my-favorite-weather";
				USES_XCTRUNNER = YES;
			};
			name = Debug;
		};
		DC9129641C27A1A2009E379B /* Release */ = {
			isa = XCBuildConfiguration;
			buildSettings = {
				INFOPLIST_FILE = "my-favorite-weatherUITests/Info.plist";
				LD_RUNPATH_SEARCH_PATHS = "$(inherited) @executable_path/Frameworks @loader_path/Frameworks";
				PRODUCT_BUNDLE_IDENTIFIER = "com.kersuzan.my-favorite-weatherUITests";
				PRODUCT_NAME = "$(TARGET_NAME)";
				TEST_TARGET_NAME = "my-favorite-weather";
				USES_XCTRUNNER = YES;
			};
			name = Release;
		};
/* End XCBuildConfiguration section */

/* Begin XCConfigurationList section */
		DC91292C1C27A1A1009E379B /* Build configuration list for PBXProject "my-favorite-weather" */ = {
			isa = XCConfigurationList;
			buildConfigurations = (
				DC91295A1C27A1A2009E379B /* Debug */,
				DC91295B1C27A1A2009E379B /* Release */,
			);
			defaultConfigurationIsVisible = 0;
			defaultConfigurationName = Release;
		};
		DC91295C1C27A1A2009E379B /* Build configuration list for PBXNativeTarget "my-favorite-weather" */ = {
			isa = XCConfigurationList;
			buildConfigurations = (
				DC91295D1C27A1A2009E379B /* Debug */,
				DC91295E1C27A1A2009E379B /* Release */,
			);
			defaultConfigurationIsVisible = 0;
		};
		DC91295F1C27A1A2009E379B /* Build configuration list for PBXNativeTarget "my-favorite-weatherTests" */ = {
			isa = XCConfigurationList;
			buildConfigurations = (
				DC9129601C27A1A2009E379B /* Debug */,
				DC9129611C27A1A2009E379B /* Release */,
			);
			defaultConfigurationIsVisible = 0;
		};
		DC9129621C27A1A2009E379B /* Build configuration list for PBXNativeTarget "my-favorite-weatherUITests" */ = {
			isa = XCConfigurationList;
			buildConfigurations = (
				DC9129631C27A1A2009E379B /* Debug */,
				DC9129641C27A1A2009E379B /* Release */,
			);
			defaultConfigurationIsVisible = 0;
		};
/* End XCConfigurationList section */

/* Begin XCVersionGroup section */
		DC91293B1C27A1A1009E379B /* my_favorite_weather.xcdatamodeld */ = {
			isa = XCVersionGroup;
			children = (
				DC91293C1C27A1A1009E379B /* my_favorite_weather.xcdatamodel */,
			);
			currentVersion = DC91293C1C27A1A1009E379B /* my_favorite_weather.xcdatamodel */;
			path = my_favorite_weather.xcdatamodeld;
			sourceTree = "<group>";
			versionGroupType = wrapper.xcdatamodel;
		};
/* End XCVersionGroup section */
	};
	rootObject = DC9129291C27A1A1009E379B /* Project object */;
}
