// !$*UTF8*$!
{
	archiveVersion = 1;
	classes = {
	};
	objectVersion = 46;
	objects = {

/* Begin PBXBuildFile section */
		406C4910409DDDC23B898882 /* Pods_iWeather.framework in Frameworks */ = {isa = PBXBuildFile; fileRef = 5D411173CCF5A7E738093F45 /* Pods_iWeather.framework */; };
		DC042C161C37906400CCFB8E /* weatherIcon.txt in Resources */ = {isa = PBXBuildFile; fileRef = DC042C151C37906400CCFB8E /* weatherIcon.txt */; };
		DC07F0081C3F8DF2004FD917 /* Functions.swift in Sources */ = {isa = PBXBuildFile; fileRef = DC07F0071C3F8DF2004FD917 /* Functions.swift */; };
		DC1C59A81C392B660099FF41 /* LauchScreenViewController.swift in Sources */ = {isa = PBXBuildFile; fileRef = DC1C59A71C392B660099FF41 /* LauchScreenViewController.swift */; };
		DC2F1BD11C3A5BFC00273E89 /* HeaderLabel.swift in Sources */ = {isa = PBXBuildFile; fileRef = DC2F1BD01C3A5BFC00273E89 /* HeaderLabel.swift */; };
		DC3B32431C4D0EBF007E822D /* FavoriteCities.swift in Sources */ = {isa = PBXBuildFile; fileRef = DC3B32411C4D0EBF007E822D /* FavoriteCities.swift */; };
		DC3B32441C4D0EBF007E822D /* FavoriteCities+CoreDataProperties.swift in Sources */ = {isa = PBXBuildFile; fileRef = DC3B32421C4D0EBF007E822D /* FavoriteCities+CoreDataProperties.swift */; };
		DC42B0611C27A43400F126B8 /* Constants.swift in Sources */ = {isa = PBXBuildFile; fileRef = DC42B0601C27A43400F126B8 /* Constants.swift */; };
		DC614D7B1C368914003FB351 /* WeatherInfoView.swift in Sources */ = {isa = PBXBuildFile; fileRef = DC614D7A1C368914003FB351 /* WeatherInfoView.swift */; };
		DC614D7D1C369FBD003FB351 /* WeatherInfoView.xib in Resources */ = {isa = PBXBuildFile; fileRef = DC614D7C1C369FBD003FB351 /* WeatherInfoView.xib */; };
		DC6463A31C33AFE900174FAD /* Coordinate.swift in Sources */ = {isa = PBXBuildFile; fileRef = DC6463A21C33AFE900174FAD /* Coordinate.swift */; };
		DC6463A51C33B12F00174FAD /* CityCell.swift in Sources */ = {isa = PBXBuildFile; fileRef = DC6463A41C33B12F00174FAD /* CityCell.swift */; };
		DC6463A71C33B8EA00174FAD /* DetailViewController.swift in Sources */ = {isa = PBXBuildFile; fileRef = DC6463A61C33B8EA00174FAD /* DetailViewController.swift */; };
		DC6463A91C33C09A00174FAD /* WeatherInfoCell.swift in Sources */ = {isa = PBXBuildFile; fileRef = DC6463A81C33C09A00174FAD /* WeatherInfoCell.swift */; };
		DC6463AB1C33CC7B00174FAD /* PopAnimator.swift in Sources */ = {isa = PBXBuildFile; fileRef = DC6463AA1C33CC7B00174FAD /* PopAnimator.swift */; };
		DC6463AD1C33EA8000174FAD /* SearchCityViewController.swift in Sources */ = {isa = PBXBuildFile; fileRef = DC6463AC1C33EA8000174FAD /* SearchCityViewController.swift */; };
		DC6463AF1C33F8BE00174FAD /* DisplayMapViewController.swift in Sources */ = {isa = PBXBuildFile; fileRef = DC6463AE1C33F8BE00174FAD /* DisplayMapViewController.swift */; };
		DC6463B31C3401C000174FAD /* Configuration.swift in Sources */ = {isa = PBXBuildFile; fileRef = DC6463B21C3401C000174FAD /* Configuration.swift */; };
		DC9129351C27A1A1009E379B /* AppDelegate.swift in Sources */ = {isa = PBXBuildFile; fileRef = DC9129341C27A1A1009E379B /* AppDelegate.swift */; };
		DC9129371C27A1A1009E379B /* HomeViewController.swift in Sources */ = {isa = PBXBuildFile; fileRef = DC9129361C27A1A1009E379B /* HomeViewController.swift */; };
		DC91293A1C27A1A1009E379B /* Main.storyboard in Resources */ = {isa = PBXBuildFile; fileRef = DC9129381C27A1A1009E379B /* Main.storyboard */; };
		DC91293D1C27A1A1009E379B /* my_favorite_weather.xcdatamodeld in Sources */ = {isa = PBXBuildFile; fileRef = DC91293B1C27A1A1009E379B /* my_favorite_weather.xcdatamodeld */; };
		DC91293F1C27A1A1009E379B /* Assets.xcassets in Resources */ = {isa = PBXBuildFile; fileRef = DC91293E1C27A1A1009E379B /* Assets.xcassets */; };
		DC91294D1C27A1A2009E379B /* my_favorite_weatherTests.swift in Sources */ = {isa = PBXBuildFile; fileRef = DC91294C1C27A1A2009E379B /* my_favorite_weatherTests.swift */; };
		DC9129581C27A1A2009E379B /* my_favorite_weatherUITests.swift in Sources */ = {isa = PBXBuildFile; fileRef = DC9129571C27A1A2009E379B /* my_favorite_weatherUITests.swift */; };
		DC94FC0A1C4B9D43009394FA /* AboutUsViewController.swift in Sources */ = {isa = PBXBuildFile; fileRef = DC94FC091C4B9D43009394FA /* AboutUsViewController.swift */; };
		DC95FF911C8D78B9003592AF /* Secret.swift in Sources */ = {isa = PBXBuildFile; fileRef = DC95FF901C8D78B9003592AF /* Secret.swift */; };
		DC95FF931C8D79B4003592AF /* .gitignore in Resources */ = {isa = PBXBuildFile; fileRef = DC95FF921C8D79B4003592AF /* .gitignore */; };
		DC9652441C41F03600F6BB3D /* iAd.framework in Frameworks */ = {isa = PBXBuildFile; fileRef = DC9652431C41F03600F6BB3D /* iAd.framework */; };
		DC9D0BBA1C366E9E007E2E66 /* WeatherDay.swift in Sources */ = {isa = PBXBuildFile; fileRef = DC9D0BB91C366E9E007E2E66 /* WeatherDay.swift */; };
		DCA52A1E1C3BF74C000133D0 /* Localizable.strings in Resources */ = {isa = PBXBuildFile; fileRef = DCA52A201C3BF74C000133D0 /* Localizable.strings */; };
		DCA52A261C3BFC2B000133D0 /* NoFavoriteCityView.xib in Resources */ = {isa = PBXBuildFile; fileRef = DCA52A281C3BFC2B000133D0 /* NoFavoriteCityView.xib */; };
		DCA65ECD1C3E0F0800BC2DFD /* ConfigurationTableViewController.swift in Sources */ = {isa = PBXBuildFile; fileRef = DCA65ECC1C3E0F0800BC2DFD /* ConfigurationTableViewController.swift */; };
		DCA6FEB11C27B72000AA793E /* Weather.swift in Sources */ = {isa = PBXBuildFile; fileRef = DCA6FEB01C27B72000AA793E /* Weather.swift */; };
		DCA6FEB31C27B76000AA793E /* City.swift in Sources */ = {isa = PBXBuildFile; fileRef = DCA6FEB21C27B76000AA793E /* City.swift */; };
		DCA6FEB61C27C50900AA793E /* DataService.swift in Sources */ = {isa = PBXBuildFile; fileRef = DCA6FEB51C27C50900AA793E /* DataService.swift */; };
		DCB4EF9F1EC0884B002781C6 /* GoogleService-Info.plist in Resources */ = {isa = PBXBuildFile; fileRef = DCB4EF9E1EC0884B002781C6 /* GoogleService-Info.plist */; };
		DCC604FF1C3516D200DEFDD8 /* SearchCityCell.swift in Sources */ = {isa = PBXBuildFile; fileRef = DCC604FE1C3516D200DEFDD8 /* SearchCityCell.swift */; };
		DCCCF7DD1C4248A700DA1B1C /* termsOfUse.html in Resources */ = {isa = PBXBuildFile; fileRef = DCCCF7DC1C4248A700DA1B1C /* termsOfUse.html */; };
		DCCCF7DF1C4248F900DA1B1C /* TermsOfUseViewController.swift in Sources */ = {isa = PBXBuildFile; fileRef = DCCCF7DE1C4248F900DA1B1C /* TermsOfUseViewController.swift */; };
		DCCCF7E11C424DA400DA1B1C /* PrivacyViewController.swift in Sources */ = {isa = PBXBuildFile; fileRef = DCCCF7E01C424DA400DA1B1C /* PrivacyViewController.swift */; };
		DCCCF7E31C42560400DA1B1C /* CreditsViewController.swift in Sources */ = {isa = PBXBuildFile; fileRef = DCCCF7E21C42560400DA1B1C /* CreditsViewController.swift */; };
		DCCCF7E51C4258E900DA1B1C /* credits.html in Resources */ = {isa = PBXBuildFile; fileRef = DCCCF7E41C4258E900DA1B1C /* credits.html */; };
		DCE571EE1C3A60D8002EBAB3 /* NoFavoriteCityView.swift in Sources */ = {isa = PBXBuildFile; fileRef = DCE571ED1C3A60D8002EBAB3 /* NoFavoriteCityView.swift */; };
		DCF5B41B1C3CB51100AB0FF8 /* WeatherData+CoreDataProperties.swift in Sources */ = {isa = PBXBuildFile; fileRef = DCF5B4191C3CB51100AB0FF8 /* WeatherData+CoreDataProperties.swift */; };
		DCF5B41C1C3CB51100AB0FF8 /* WeatherData.swift in Sources */ = {isa = PBXBuildFile; fileRef = DCF5B41A1C3CB51100AB0FF8 /* WeatherData.swift */; };
/* End PBXBuildFile section */

/* Begin PBXContainerItemProxy section */
		DC9129491C27A1A2009E379B /* PBXContainerItemProxy */ = {
			isa = PBXContainerItemProxy;
			containerPortal = DC9129291C27A1A1009E379B /* Project object */;
			proxyType = 1;
			remoteGlobalIDString = DC9129301C27A1A1009E379B;
			remoteInfo = "my-favorite-weather";
		};
		DC9129541C27A1A2009E379B /* PBXContainerItemProxy */ = {
			isa = PBXContainerItemProxy;
			containerPortal = DC9129291C27A1A1009E379B /* Project object */;
			proxyType = 1;
			remoteGlobalIDString = DC9129301C27A1A1009E379B;
			remoteInfo = "my-favorite-weather";
		};
/* End PBXContainerItemProxy section */

/* Begin PBXFileReference section */
		05A67B8D20D9A0A6C380E353 /* Pods-iWeather.debug.xcconfig */ = {isa = PBXFileReference; includeInIndex = 1; lastKnownFileType = text.xcconfig; name = "Pods-iWeather.debug.xcconfig"; path = "Pods/Target Support Files/Pods-iWeather/Pods-iWeather.debug.xcconfig"; sourceTree = "<group>"; };
		5D411173CCF5A7E738093F45 /* Pods_iWeather.framework */ = {isa = PBXFileReference; explicitFileType = wrapper.framework; includeInIndex = 0; path = Pods_iWeather.framework; sourceTree = BUILT_PRODUCTS_DIR; };
		DC042C151C37906400CCFB8E /* weatherIcon.txt */ = {isa = PBXFileReference; fileEncoding = 4; lastKnownFileType = text; path = weatherIcon.txt; sourceTree = "<group>"; };
		DC07F0071C3F8DF2004FD917 /* Functions.swift */ = {isa = PBXFileReference; fileEncoding = 4; lastKnownFileType = sourcecode.swift; path = Functions.swift; sourceTree = "<group>"; };
		DC1C59A71C392B660099FF41 /* LauchScreenViewController.swift */ = {isa = PBXFileReference; fileEncoding = 4; lastKnownFileType = sourcecode.swift; path = LauchScreenViewController.swift; sourceTree = "<group>"; };
		DC2F1BD01C3A5BFC00273E89 /* HeaderLabel.swift */ = {isa = PBXFileReference; fileEncoding = 4; lastKnownFileType = sourcecode.swift; path = HeaderLabel.swift; sourceTree = "<group>"; };
		DC3B32411C4D0EBF007E822D /* FavoriteCities.swift */ = {isa = PBXFileReference; fileEncoding = 4; lastKnownFileType = sourcecode.swift; path = FavoriteCities.swift; sourceTree = "<group>"; };
		DC3B32421C4D0EBF007E822D /* FavoriteCities+CoreDataProperties.swift */ = {isa = PBXFileReference; fileEncoding = 4; lastKnownFileType = sourcecode.swift; path = "FavoriteCities+CoreDataProperties.swift"; sourceTree = "<group>"; };
		DC42B0601C27A43400F126B8 /* Constants.swift */ = {isa = PBXFileReference; fileEncoding = 4; lastKnownFileType = sourcecode.swift; path = Constants.swift; sourceTree = "<group>"; };
		DC614D7A1C368914003FB351 /* WeatherInfoView.swift */ = {isa = PBXFileReference; fileEncoding = 4; lastKnownFileType = sourcecode.swift; path = WeatherInfoView.swift; sourceTree = "<group>"; };
		DC614D7C1C369FBD003FB351 /* WeatherInfoView.xib */ = {isa = PBXFileReference; fileEncoding = 4; lastKnownFileType = file.xib; path = WeatherInfoView.xib; sourceTree = "<group>"; };
		DC6463A21C33AFE900174FAD /* Coordinate.swift */ = {isa = PBXFileReference; fileEncoding = 4; lastKnownFileType = sourcecode.swift; path = Coordinate.swift; sourceTree = "<group>"; };
		DC6463A41C33B12F00174FAD /* CityCell.swift */ = {isa = PBXFileReference; fileEncoding = 4; lastKnownFileType = sourcecode.swift; path = CityCell.swift; sourceTree = "<group>"; };
		DC6463A61C33B8EA00174FAD /* DetailViewController.swift */ = {isa = PBXFileReference; fileEncoding = 4; lastKnownFileType = sourcecode.swift; path = DetailViewController.swift; sourceTree = "<group>"; };
		DC6463A81C33C09A00174FAD /* WeatherInfoCell.swift */ = {isa = PBXFileReference; fileEncoding = 4; lastKnownFileType = sourcecode.swift; path = WeatherInfoCell.swift; sourceTree = "<group>"; };
		DC6463AA1C33CC7B00174FAD /* PopAnimator.swift */ = {isa = PBXFileReference; fileEncoding = 4; lastKnownFileType = sourcecode.swift; path = PopAnimator.swift; sourceTree = "<group>"; };
		DC6463AC1C33EA8000174FAD /* SearchCityViewController.swift */ = {isa = PBXFileReference; fileEncoding = 4; lastKnownFileType = sourcecode.swift; path = SearchCityViewController.swift; sourceTree = "<group>"; };
		DC6463AE1C33F8BE00174FAD /* DisplayMapViewController.swift */ = {isa = PBXFileReference; fileEncoding = 4; lastKnownFileType = sourcecode.swift; path = DisplayMapViewController.swift; sourceTree = "<group>"; };
		DC6463B21C3401C000174FAD /* Configuration.swift */ = {isa = PBXFileReference; fileEncoding = 4; lastKnownFileType = sourcecode.swift; path = Configuration.swift; sourceTree = "<group>"; };
		DC9129311C27A1A1009E379B /* iWeather.app */ = {isa = PBXFileReference; explicitFileType = wrapper.application; includeInIndex = 0; path = iWeather.app; sourceTree = BUILT_PRODUCTS_DIR; };
		DC9129341C27A1A1009E379B /* AppDelegate.swift */ = {isa = PBXFileReference; lastKnownFileType = sourcecode.swift; path = AppDelegate.swift; sourceTree = "<group>"; };
		DC9129361C27A1A1009E379B /* HomeViewController.swift */ = {isa = PBXFileReference; lastKnownFileType = sourcecode.swift; path = HomeViewController.swift; sourceTree = "<group>"; };
		DC9129391C27A1A1009E379B /* Base */ = {isa = PBXFileReference; lastKnownFileType = file.storyboard; name = Base; path = Base.lproj/Main.storyboard; sourceTree = "<group>"; };
		DC91293C1C27A1A1009E379B /* my_favorite_weather.xcdatamodel */ = {isa = PBXFileReference; lastKnownFileType = wrapper.xcdatamodel; path = my_favorite_weather.xcdatamodel; sourceTree = "<group>"; };
		DC91293E1C27A1A1009E379B /* Assets.xcassets */ = {isa = PBXFileReference; lastKnownFileType = folder.assetcatalog; path = Assets.xcassets; sourceTree = "<group>"; };
		DC9129431C27A1A1009E379B /* Info.plist */ = {isa = PBXFileReference; lastKnownFileType = text.plist.xml; path = Info.plist; sourceTree = "<group>"; };
		DC9129481C27A1A2009E379B /* iWeather.xctest */ = {isa = PBXFileReference; explicitFileType = wrapper.cfbundle; includeInIndex = 0; path = iWeather.xctest; sourceTree = BUILT_PRODUCTS_DIR; };
		DC91294C1C27A1A2009E379B /* my_favorite_weatherTests.swift */ = {isa = PBXFileReference; lastKnownFileType = sourcecode.swift; path = my_favorite_weatherTests.swift; sourceTree = "<group>"; };
		DC91294E1C27A1A2009E379B /* Info.plist */ = {isa = PBXFileReference; lastKnownFileType = text.plist.xml; path = Info.plist; sourceTree = "<group>"; };
		DC9129531C27A1A2009E379B /* iWeather.xctest */ = {isa = PBXFileReference; explicitFileType = wrapper.cfbundle; includeInIndex = 0; path = iWeather.xctest; sourceTree = BUILT_PRODUCTS_DIR; };
		DC9129571C27A1A2009E379B /* my_favorite_weatherUITests.swift */ = {isa = PBXFileReference; lastKnownFileType = sourcecode.swift; path = my_favorite_weatherUITests.swift; sourceTree = "<group>"; };
		DC9129591C27A1A2009E379B /* Info.plist */ = {isa = PBXFileReference; lastKnownFileType = text.plist.xml; path = Info.plist; sourceTree = "<group>"; };
		DC94FBFF1C4B8B88009394FA /* en */ = {isa = PBXFileReference; lastKnownFileType = text.plist.strings; name = en; path = en.lproj/Main.strings; sourceTree = "<group>"; };
		DC94FC011C4B8CBD009394FA /* fr */ = {isa = PBXFileReference; lastKnownFileType = text.plist.strings; name = fr; path = fr.lproj/Main.strings; sourceTree = "<group>"; };
		DC94FC041C4B8CD8009394FA /* zh-Hans */ = {isa = PBXFileReference; lastKnownFileType = text.plist.strings; name = "zh-Hans"; path = "zh-Hans.lproj/Main.strings"; sourceTree = "<group>"; };
		DC94FC051C4B9637009394FA /* zh-Hant */ = {isa = PBXFileReference; lastKnownFileType = text.plist.strings; name = "zh-Hant"; path = "zh-Hant.lproj/NoFavoriteCityView.strings"; sourceTree = "<group>"; };
		DC94FC061C4B9638009394FA /* zh-Hant */ = {isa = PBXFileReference; lastKnownFileType = text.plist.strings; name = "zh-Hant"; path = "zh-Hant.lproj/Main.strings"; sourceTree = "<group>"; };
		DC94FC081C4B9638009394FA /* zh-Hant */ = {isa = PBXFileReference; lastKnownFileType = text.plist.strings; name = "zh-Hant"; path = "zh-Hant.lproj/Localizable.strings"; sourceTree = "<group>"; };
		DC94FC091C4B9D43009394FA /* AboutUsViewController.swift */ = {isa = PBXFileReference; fileEncoding = 4; lastKnownFileType = sourcecode.swift; path = AboutUsViewController.swift; sourceTree = "<group>"; };
		DC95FF901C8D78B9003592AF /* Secret.swift */ = {isa = PBXFileReference; fileEncoding = 4; lastKnownFileType = sourcecode.swift; path = Secret.swift; sourceTree = "<group>"; };
		DC95FF921C8D79B4003592AF /* .gitignore */ = {isa = PBXFileReference; fileEncoding = 4; lastKnownFileType = text; path = .gitignore; sourceTree = "<group>"; };
		DC9652431C41F03600F6BB3D /* iAd.framework */ = {isa = PBXFileReference; lastKnownFileType = wrapper.framework; name = iAd.framework; path = System/Library/Frameworks/iAd.framework; sourceTree = SDKROOT; };
		DC9D0BB91C366E9E007E2E66 /* WeatherDay.swift */ = {isa = PBXFileReference; fileEncoding = 4; lastKnownFileType = sourcecode.swift; path = WeatherDay.swift; sourceTree = "<group>"; };
		DCA52A1F1C3BF74C000133D0 /* fr */ = {isa = PBXFileReference; lastKnownFileType = text.plist.strings; name = fr; path = fr.lproj/Localizable.strings; sourceTree = "<group>"; };
		DCA52A251C3BFA62000133D0 /* zh-Hans */ = {isa = PBXFileReference; lastKnownFileType = text.plist.strings; name = "zh-Hans"; path = "zh-Hans.lproj/Localizable.strings"; sourceTree = "<group>"; };
		DCA52A271C3BFC2B000133D0 /* Base */ = {isa = PBXFileReference; lastKnownFileType = file.xib; name = Base; path = Base.lproj/NoFavoriteCityView.xib; sourceTree = "<group>"; };
		DCA52A2A1C3BFC37000133D0 /* en */ = {isa = PBXFileReference; lastKnownFileType = text.plist.strings; name = en; path = en.lproj/NoFavoriteCityView.strings; sourceTree = "<group>"; };
		DCA52A2C1C3BFC39000133D0 /* fr */ = {isa = PBXFileReference; lastKnownFileType = text.plist.strings; name = fr; path = fr.lproj/NoFavoriteCityView.strings; sourceTree = "<group>"; };
		DCA52A2E1C3BFC3A000133D0 /* zh-Hans */ = {isa = PBXFileReference; lastKnownFileType = text.plist.strings; name = "zh-Hans"; path = "zh-Hans.lproj/NoFavoriteCityView.strings"; sourceTree = "<group>"; };
		DCA65ECC1C3E0F0800BC2DFD /* ConfigurationTableViewController.swift */ = {isa = PBXFileReference; fileEncoding = 4; lastKnownFileType = sourcecode.swift; path = ConfigurationTableViewController.swift; sourceTree = "<group>"; };
		DCA6FEB01C27B72000AA793E /* Weather.swift */ = {isa = PBXFileReference; fileEncoding = 4; lastKnownFileType = sourcecode.swift; path = Weather.swift; sourceTree = "<group>"; };
		DCA6FEB21C27B76000AA793E /* City.swift */ = {isa = PBXFileReference; fileEncoding = 4; lastKnownFileType = sourcecode.swift; path = City.swift; sourceTree = "<group>"; };
		DCA6FEB51C27C50900AA793E /* DataService.swift */ = {isa = PBXFileReference; fileEncoding = 4; lastKnownFileType = sourcecode.swift; path = DataService.swift; sourceTree = "<group>"; };
		DCA9338F1C5B46500079B424 /* Base */ = {isa = PBXFileReference; lastKnownFileType = text.plist.strings; name = Base; path = Base.lproj/Localizable.strings; sourceTree = "<group>"; };
		DCB4EF9E1EC0884B002781C6 /* GoogleService-Info.plist */ = {isa = PBXFileReference; fileEncoding = 4; lastKnownFileType = text.plist.xml; path = "GoogleService-Info.plist"; sourceTree = "<group>"; };
		DCC604FE1C3516D200DEFDD8 /* SearchCityCell.swift */ = {isa = PBXFileReference; fileEncoding = 4; lastKnownFileType = sourcecode.swift; path = SearchCityCell.swift; sourceTree = "<group>"; };
		DCCCF7DC1C4248A700DA1B1C /* termsOfUse.html */ = {isa = PBXFileReference; fileEncoding = 4; lastKnownFileType = text.html; path = termsOfUse.html; sourceTree = "<group>"; };
		DCCCF7DE1C4248F900DA1B1C /* TermsOfUseViewController.swift */ = {isa = PBXFileReference; fileEncoding = 4; lastKnownFileType = sourcecode.swift; path = TermsOfUseViewController.swift; sourceTree = "<group>"; };
		DCCCF7E01C424DA400DA1B1C /* PrivacyViewController.swift */ = {isa = PBXFileReference; fileEncoding = 4; lastKnownFileType = sourcecode.swift; path = PrivacyViewController.swift; sourceTree = "<group>"; };
		DCCCF7E21C42560400DA1B1C /* CreditsViewController.swift */ = {isa = PBXFileReference; fileEncoding = 4; lastKnownFileType = sourcecode.swift; path = CreditsViewController.swift; sourceTree = "<group>"; };
		DCCCF7E41C4258E900DA1B1C /* credits.html */ = {isa = PBXFileReference; fileEncoding = 4; lastKnownFileType = text.html; path = credits.html; sourceTree = "<group>"; };
		DCE571ED1C3A60D8002EBAB3 /* NoFavoriteCityView.swift */ = {isa = PBXFileReference; fileEncoding = 4; lastKnownFileType = sourcecode.swift; path = NoFavoriteCityView.swift; sourceTree = "<group>"; };
		DCF5B4191C3CB51100AB0FF8 /* WeatherData+CoreDataProperties.swift */ = {isa = PBXFileReference; fileEncoding = 4; lastKnownFileType = sourcecode.swift; path = "WeatherData+CoreDataProperties.swift"; sourceTree = "<group>"; };
		DCF5B41A1C3CB51100AB0FF8 /* WeatherData.swift */ = {isa = PBXFileReference; fileEncoding = 4; lastKnownFileType = sourcecode.swift; path = WeatherData.swift; sourceTree = "<group>"; };
		DCF5B41D1C3D0E2A00AB0FF8 /* en */ = {isa = PBXFileReference; lastKnownFileType = text.plist.strings; name = en; path = en.lproj/Localizable.strings; sourceTree = "<group>"; };
		DD2ABC383A6BB7F2126518B8 /* Pods-iWeather.release.xcconfig */ = {isa = PBXFileReference; includeInIndex = 1; lastKnownFileType = text.xcconfig; name = "Pods-iWeather.release.xcconfig"; path = "Pods/Target Support Files/Pods-iWeather/Pods-iWeather.release.xcconfig"; sourceTree = "<group>"; };
/* End PBXFileReference section */

/* Begin PBXFrameworksBuildPhase section */
		DC91292E1C27A1A1009E379B /* Frameworks */ = {
			isa = PBXFrameworksBuildPhase;
			buildActionMask = 2147483647;
			files = (
				DC9652441C41F03600F6BB3D /* iAd.framework in Frameworks */,
				406C4910409DDDC23B898882 /* Pods_iWeather.framework in Frameworks */,
			);
			runOnlyForDeploymentPostprocessing = 0;
		};
		DC9129451C27A1A2009E379B /* Frameworks */ = {
			isa = PBXFrameworksBuildPhase;
			buildActionMask = 2147483647;
			files = (
			);
			runOnlyForDeploymentPostprocessing = 0;
		};
		DC9129501C27A1A2009E379B /* Frameworks */ = {
			isa = PBXFrameworksBuildPhase;
			buildActionMask = 2147483647;
			files = (
			);
			runOnlyForDeploymentPostprocessing = 0;
		};
/* End PBXFrameworksBuildPhase section */

/* Begin PBXGroup section */
		1626EE187127569AF571C87B /* Pods */ = {
			isa = PBXGroup;
			children = (
				05A67B8D20D9A0A6C380E353 /* Pods-iWeather.debug.xcconfig */,
				DD2ABC383A6BB7F2126518B8 /* Pods-iWeather.release.xcconfig */,
			);
			name = Pods;
			sourceTree = "<group>";
		};
		8F75CD2A1C7766A4DAAF9BC3 /* Frameworks */ = {
			isa = PBXGroup;
			children = (
				DC9652431C41F03600F6BB3D /* iAd.framework */,
				5D411173CCF5A7E738093F45 /* Pods_iWeather.framework */,
			);
			name = Frameworks;
			sourceTree = "<group>";
		};
		DC2F1BCC1C3A5AFD00273E89 /* UICollectionViewCell */ = {
			isa = PBXGroup;
			children = (
				DC6463A41C33B12F00174FAD /* CityCell.swift */,
			);
			name = UICollectionViewCell;
			sourceTree = "<group>";
		};
		DC2F1BCD1C3A5B0B00273E89 /* UITableViewCell */ = {
			isa = PBXGroup;
			children = (
				DCC604FE1C3516D200DEFDD8 /* SearchCityCell.swift */,
				DC6463A81C33C09A00174FAD /* WeatherInfoCell.swift */,
			);
			name = UITableViewCell;
			sourceTree = "<group>";
		};
		DC2F1BCE1C3A5B2A00273E89 /* ReusableUIView */ = {
			isa = PBXGroup;
			children = (
				DC614D7C1C369FBD003FB351 /* WeatherInfoView.xib */,
				DCA52A281C3BFC2B000133D0 /* NoFavoriteCityView.xib */,
				DC614D7A1C368914003FB351 /* WeatherInfoView.swift */,
				DCE571ED1C3A60D8002EBAB3 /* NoFavoriteCityView.swift */,
			);
			name = ReusableUIView;
			sourceTree = "<group>";
		};
		DC2F1BCF1C3A5B6100273E89 /* ControllerTransition */ = {
			isa = PBXGroup;
			children = (
				DC6463AA1C33CC7B00174FAD /* PopAnimator.swift */,
			);
			name = ControllerTransition;
			sourceTree = "<group>";
		};
		DC42B05F1C27A42100F126B8 /* Util */ = {
			isa = PBXGroup;
			children = (
				DC42B0601C27A43400F126B8 /* Constants.swift */,
				DC07F0071C3F8DF2004FD917 /* Functions.swift */,
				DC95FF901C8D78B9003592AF /* Secret.swift */,
			);
			name = Util;
			sourceTree = "<group>";
		};
		DC42B0641C27A64F00F126B8 /* Resource */ = {
			isa = PBXGroup;
			children = (
				DCCCF7E41C4258E900DA1B1C /* credits.html */,
				DCCCF7DC1C4248A700DA1B1C /* termsOfUse.html */,
				DCA52A201C3BF74C000133D0 /* Localizable.strings */,
				DC042C151C37906400CCFB8E /* weatherIcon.txt */,
			);
			name = Resource;
			sourceTree = "<group>";
		};
		DC9129281C27A1A1009E379B = {
			isa = PBXGroup;
			children = (
				DC95FF921C8D79B4003592AF /* .gitignore */,
				DC9129331C27A1A1009E379B /* my-favorite-weather */,
				DC91294B1C27A1A2009E379B /* my-favorite-weatherTests */,
				DC9129561C27A1A2009E379B /* my-favorite-weatherUITests */,
				DC9129321C27A1A1009E379B /* Products */,
				8F75CD2A1C7766A4DAAF9BC3 /* Frameworks */,
				1626EE187127569AF571C87B /* Pods */,
			);
			sourceTree = "<group>";
		};
		DC9129321C27A1A1009E379B /* Products */ = {
			isa = PBXGroup;
			children = (
				DC9129311C27A1A1009E379B /* iWeather.app */,
				DC9129481C27A1A2009E379B /* iWeather.xctest */,
				DC9129531C27A1A2009E379B /* iWeather.xctest */,
			);
			name = Products;
			sourceTree = "<group>";
		};
		DC9129331C27A1A1009E379B /* my-favorite-weather */ = {
			isa = PBXGroup;
			children = (
				DCA6FEB41C27C4F500AA793E /* Services */,
				DCA6FEAF1C27B70D00AA793E /* Views */,
				DCA6FEAE1C27B70600AA793E /* Controllers */,
				DCA6FEAD1C27B70000AA793E /* Models */,
				DC42B0641C27A64F00F126B8 /* Resource */,
				DC42B05F1C27A42100F126B8 /* Util */,
				DC9129341C27A1A1009E379B /* AppDelegate.swift */,
				DC91293E1C27A1A1009E379B /* Assets.xcassets */,
				DC9129431C27A1A1009E379B /* Info.plist */,
				DC91293B1C27A1A1009E379B /* my_favorite_weather.xcdatamodeld */,
				DCB4EF9E1EC0884B002781C6 /* GoogleService-Info.plist */,
			);
			path = "my-favorite-weather";
			sourceTree = "<group>";
		};
		DC91294B1C27A1A2009E379B /* my-favorite-weatherTests */ = {
			isa = PBXGroup;
			children = (
				DC91294C1C27A1A2009E379B /* my_favorite_weatherTests.swift */,
				DC91294E1C27A1A2009E379B /* Info.plist */,
			);
			path = "my-favorite-weatherTests";
			sourceTree = "<group>";
		};
		DC9129561C27A1A2009E379B /* my-favorite-weatherUITests */ = {
			isa = PBXGroup;
			children = (
				DC9129571C27A1A2009E379B /* my_favorite_weatherUITests.swift */,
				DC9129591C27A1A2009E379B /* Info.plist */,
			);
			path = "my-favorite-weatherUITests";
			sourceTree = "<group>";
		};
		DCA6FEAD1C27B70000AA793E /* Models */ = {
			isa = PBXGroup;
			children = (
				DCF5B4191C3CB51100AB0FF8 /* WeatherData+CoreDataProperties.swift */,
				DCF5B41A1C3CB51100AB0FF8 /* WeatherData.swift */,
				DC3B32411C4D0EBF007E822D /* FavoriteCities.swift */,
				DC3B32421C4D0EBF007E822D /* FavoriteCities+CoreDataProperties.swift */,
				DCA6FEB01C27B72000AA793E /* Weather.swift */,
				DCA6FEB21C27B76000AA793E /* City.swift */,
				DC6463A21C33AFE900174FAD /* Coordinate.swift */,
				DC6463B21C3401C000174FAD /* Configuration.swift */,
				DC9D0BB91C366E9E007E2E66 /* WeatherDay.swift */,
			);
			name = Models;
			sourceTree = "<group>";
		};
		DCA6FEAE1C27B70600AA793E /* Controllers */ = {
			isa = PBXGroup;
			children = (
				DCA65ECC1C3E0F0800BC2DFD /* ConfigurationTableViewController.swift */,
				DC9129361C27A1A1009E379B /* HomeViewController.swift */,
				DC6463A61C33B8EA00174FAD /* DetailViewController.swift */,
				DC6463AC1C33EA8000174FAD /* SearchCityViewController.swift */,
				DC6463AE1C33F8BE00174FAD /* DisplayMapViewController.swift */,
				DC1C59A71C392B660099FF41 /* LauchScreenViewController.swift */,
				DCCCF7DE1C4248F900DA1B1C /* TermsOfUseViewController.swift */,
				DCCCF7E01C424DA400DA1B1C /* PrivacyViewController.swift */,
				DCCCF7E21C42560400DA1B1C /* CreditsViewController.swift */,
				DC94FC091C4B9D43009394FA /* AboutUsViewController.swift */,
			);
			name = Controllers;
			sourceTree = "<group>";
		};
		DCA6FEAF1C27B70D00AA793E /* Views */ = {
			isa = PBXGroup;
			children = (
				DCF5B41E1C3D22B300AB0FF8 /* OtherCustomView */,
				DC2F1BCF1C3A5B6100273E89 /* ControllerTransition */,
				DC2F1BCE1C3A5B2A00273E89 /* ReusableUIView */,
				DC2F1BCD1C3A5B0B00273E89 /* UITableViewCell */,
				DC2F1BCC1C3A5AFD00273E89 /* UICollectionViewCell */,
				DC9129381C27A1A1009E379B /* Main.storyboard */,
			);
			name = Views;
			sourceTree = "<group>";
		};
		DCA6FEB41C27C4F500AA793E /* Services */ = {
			isa = PBXGroup;
			children = (
				DCA6FEB51C27C50900AA793E /* DataService.swift */,
			);
			name = Services;
			sourceTree = "<group>";
		};
		DCF5B41E1C3D22B300AB0FF8 /* OtherCustomView */ = {
			isa = PBXGroup;
			children = (
				DC2F1BD01C3A5BFC00273E89 /* HeaderLabel.swift */,
			);
			name = OtherCustomView;
			sourceTree = "<group>";
		};
/* End PBXGroup section */

/* Begin PBXNativeTarget section */
		DC9129301C27A1A1009E379B /* iWeather */ = {
			isa = PBXNativeTarget;
			buildConfigurationList = DC91295C1C27A1A2009E379B /* Build configuration list for PBXNativeTarget "iWeather" */;
			buildPhases = (
				647A2E6258B3E14B263362F5 /* [CP] Check Pods Manifest.lock */,
				DC91292D1C27A1A1009E379B /* Sources */,
				DC91292E1C27A1A1009E379B /* Frameworks */,
				DC91292F1C27A1A1009E379B /* Resources */,
				F721632FF33217C1AA510821 /* [CP] Embed Pods Frameworks */,
				7CB9B1D4B2F32E808CB4DB49 /* [CP] Copy Pods Resources */,
			);
			buildRules = (
			);
			dependencies = (
			);
			name = iWeather;
			productName = "my-favorite-weather";
			productReference = DC9129311C27A1A1009E379B /* iWeather.app */;
			productType = "com.apple.product-type.application";
		};
		DC9129471C27A1A2009E379B /* iWeatherTests */ = {
			isa = PBXNativeTarget;
			buildConfigurationList = DC91295F1C27A1A2009E379B /* Build configuration list for PBXNativeTarget "iWeatherTests" */;
			buildPhases = (
				DC9129441C27A1A2009E379B /* Sources */,
				DC9129451C27A1A2009E379B /* Frameworks */,
				DC9129461C27A1A2009E379B /* Resources */,
			);
			buildRules = (
			);
			dependencies = (
				DC91294A1C27A1A2009E379B /* PBXTargetDependency */,
			);
			name = iWeatherTests;
			productName = "my-favorite-weatherTests";
			productReference = DC9129481C27A1A2009E379B /* iWeather.xctest */;
			productType = "com.apple.product-type.bundle.unit-test";
		};
		DC9129521C27A1A2009E379B /* iWeatherUITests */ = {
			isa = PBXNativeTarget;
			buildConfigurationList = DC9129621C27A1A2009E379B /* Build configuration list for PBXNativeTarget "iWeatherUITests" */;
			buildPhases = (
				DC91294F1C27A1A2009E379B /* Sources */,
				DC9129501C27A1A2009E379B /* Frameworks */,
				DC9129511C27A1A2009E379B /* Resources */,
			);
			buildRules = (
			);
			dependencies = (
				DC9129551C27A1A2009E379B /* PBXTargetDependency */,
			);
			name = iWeatherUITests;
			productName = "my-favorite-weatherUITests";
			productReference = DC9129531C27A1A2009E379B /* iWeather.xctest */;
			productType = "com.apple.product-type.bundle.ui-testing";
		};
/* End PBXNativeTarget section */

/* Begin PBXProject section */
		DC9129291C27A1A1009E379B /* Project object */ = {
			isa = PBXProject;
			attributes = {
				LastSwiftUpdateCheck = 0720;
				LastUpgradeCheck = 0720;
				ORGANIZATIONNAME = Kersuzan;
				TargetAttributes = {
					DC9129301C27A1A1009E379B = {
						CreatedOnToolsVersion = 7.2;
						DevelopmentTeam = M4YY2LX9P9;
						LastSwiftMigration = 0830;
						ProvisioningStyle = Manual;
					};
					DC9129471C27A1A2009E379B = {
						CreatedOnToolsVersion = 7.2;
						LastSwiftMigration = 0830;
						TestTargetID = DC9129301C27A1A1009E379B;
					};
					DC9129521C27A1A2009E379B = {
						CreatedOnToolsVersion = 7.2;
						LastSwiftMigration = 0830;
						TestTargetID = DC9129301C27A1A1009E379B;
					};
				};
			};
			buildConfigurationList = DC91292C1C27A1A1009E379B /* Build configuration list for PBXProject "iWeather" */;
			compatibilityVersion = "Xcode 3.2";
			developmentRegion = English;
			hasScannedForEncodings = 0;
			knownRegions = (
				en,
				Base,
				fr,
				"zh-Hans",
				"zh-Hant",
			);
			mainGroup = DC9129281C27A1A1009E379B;
			productRefGroup = DC9129321C27A1A1009E379B /* Products */;
			projectDirPath = "";
			projectRoot = "";
			targets = (
				DC9129301C27A1A1009E379B /* iWeather */,
				DC9129471C27A1A2009E379B /* iWeatherTests */,
				DC9129521C27A1A2009E379B /* iWeatherUITests */,
			);
		};
/* End PBXProject section */

/* Begin PBXResourcesBuildPhase section */
		DC91292F1C27A1A1009E379B /* Resources */ = {
			isa = PBXResourcesBuildPhase;
			buildActionMask = 2147483647;
			files = (
				DC95FF931C8D79B4003592AF /* .gitignore in Resources */,
				DC042C161C37906400CCFB8E /* weatherIcon.txt in Resources */,
				DCA52A261C3BFC2B000133D0 /* NoFavoriteCityView.xib in Resources */,
				DC91293F1C27A1A1009E379B /* Assets.xcassets in Resources */,
				DCA52A1E1C3BF74C000133D0 /* Localizable.strings in Resources */,
				DC614D7D1C369FBD003FB351 /* WeatherInfoView.xib in Resources */,
				DC91293A1C27A1A1009E379B /* Main.storyboard in Resources */,
				DCB4EF9F1EC0884B002781C6 /* GoogleService-Info.plist in Resources */,
				DCCCF7DD1C4248A700DA1B1C /* termsOfUse.html in Resources */,
				DCCCF7E51C4258E900DA1B1C /* credits.html in Resources */,
			);
			runOnlyForDeploymentPostprocessing = 0;
		};
		DC9129461C27A1A2009E379B /* Resources */ = {
			isa = PBXResourcesBuildPhase;
			buildActionMask = 2147483647;
			files = (
			);
			runOnlyForDeploymentPostprocessing = 0;
		};
		DC9129511C27A1A2009E379B /* Resources */ = {
			isa = PBXResourcesBuildPhase;
			buildActionMask = 2147483647;
			files = (
			);
			runOnlyForDeploymentPostprocessing = 0;
		};
/* End PBXResourcesBuildPhase section */

/* Begin PBXShellScriptBuildPhase section */
		647A2E6258B3E14B263362F5 /* [CP] Check Pods Manifest.lock */ = {
			isa = PBXShellScriptBuildPhase;
			buildActionMask = 2147483647;
			files = (
			);
			inputPaths = (
			);
			name = "[CP] Check Pods Manifest.lock";
			outputPaths = (
			);
			runOnlyForDeploymentPostprocessing = 0;
			shellPath = /bin/sh;
			shellScript = "diff \"${PODS_PODFILE_DIR_PATH}/Podfile.lock\" \"${PODS_ROOT}/Manifest.lock\" > /dev/null\nif [ $? != 0 ] ; then\n    # print error to STDERR\n    echo \"error: The sandbox is not in sync with the Podfile.lock. Run 'pod install' or update your CocoaPods installation.\" >&2\n    exit 1\nfi\n";
			showEnvVarsInLog = 0;
		};
		7CB9B1D4B2F32E808CB4DB49 /* [CP] Copy Pods Resources */ = {
			isa = PBXShellScriptBuildPhase;
			buildActionMask = 2147483647;
			files = (
			);
			inputPaths = (
			);
			name = "[CP] Copy Pods Resources";
			outputPaths = (
			);
			runOnlyForDeploymentPostprocessing = 0;
			shellPath = /bin/sh;
			shellScript = "\"${SRCROOT}/Pods/Target Support Files/Pods-iWeather/Pods-iWeather-resources.sh\"\n";
			showEnvVarsInLog = 0;
		};
		F721632FF33217C1AA510821 /* [CP] Embed Pods Frameworks */ = {
			isa = PBXShellScriptBuildPhase;
			buildActionMask = 2147483647;
			files = (
			);
			inputPaths = (
			);
			name = "[CP] Embed Pods Frameworks";
			outputPaths = (
			);
			runOnlyForDeploymentPostprocessing = 0;
			shellPath = /bin/sh;
			shellScript = "\"${SRCROOT}/Pods/Target Support Files/Pods-iWeather/Pods-iWeather-frameworks.sh\"\n";
			showEnvVarsInLog = 0;
		};
/* End PBXShellScriptBuildPhase section */

/* Begin PBXSourcesBuildPhase section */
		DC91292D1C27A1A1009E379B /* Sources */ = {
			isa = PBXSourcesBuildPhase;
			buildActionMask = 2147483647;
			files = (
				DCC604FF1C3516D200DEFDD8 /* SearchCityCell.swift in Sources */,
				DC07F0081C3F8DF2004FD917 /* Functions.swift in Sources */,
				DC3B32441C4D0EBF007E822D /* FavoriteCities+CoreDataProperties.swift in Sources */,
				DC3B32431C4D0EBF007E822D /* FavoriteCities.swift in Sources */,
				DC6463AF1C33F8BE00174FAD /* DisplayMapViewController.swift in Sources */,
				DC9129371C27A1A1009E379B /* HomeViewController.swift in Sources */,
				DCCCF7E11C424DA400DA1B1C /* PrivacyViewController.swift in Sources */,
				DC9129351C27A1A1009E379B /* AppDelegate.swift in Sources */,
				DC614D7B1C368914003FB351 /* WeatherInfoView.swift in Sources */,
				DCA6FEB31C27B76000AA793E /* City.swift in Sources */,
				DCF5B41B1C3CB51100AB0FF8 /* WeatherData+CoreDataProperties.swift in Sources */,
				DC6463A91C33C09A00174FAD /* WeatherInfoCell.swift in Sources */,
				DC2F1BD11C3A5BFC00273E89 /* HeaderLabel.swift in Sources */,
				DC95FF911C8D78B9003592AF /* Secret.swift in Sources */,
				DC6463A31C33AFE900174FAD /* Coordinate.swift in Sources */,
				DCCCF7DF1C4248F900DA1B1C /* TermsOfUseViewController.swift in Sources */,
				DC6463B31C3401C000174FAD /* Configuration.swift in Sources */,
				DC91293D1C27A1A1009E379B /* my_favorite_weather.xcdatamodeld in Sources */,
				DC6463AD1C33EA8000174FAD /* SearchCityViewController.swift in Sources */,
				DCF5B41C1C3CB51100AB0FF8 /* WeatherData.swift in Sources */,
				DCCCF7E31C42560400DA1B1C /* CreditsViewController.swift in Sources */,
				DC94FC0A1C4B9D43009394FA /* AboutUsViewController.swift in Sources */,
				DC9D0BBA1C366E9E007E2E66 /* WeatherDay.swift in Sources */,
				DC6463A51C33B12F00174FAD /* CityCell.swift in Sources */,
				DC1C59A81C392B660099FF41 /* LauchScreenViewController.swift in Sources */,
				DC42B0611C27A43400F126B8 /* Constants.swift in Sources */,
				DCA65ECD1C3E0F0800BC2DFD /* ConfigurationTableViewController.swift in Sources */,
				DC6463A71C33B8EA00174FAD /* DetailViewController.swift in Sources */,
				DCE571EE1C3A60D8002EBAB3 /* NoFavoriteCityView.swift in Sources */,
				DCA6FEB11C27B72000AA793E /* Weather.swift in Sources */,
				DC6463AB1C33CC7B00174FAD /* PopAnimator.swift in Sources */,
				DCA6FEB61C27C50900AA793E /* DataService.swift in Sources */,
			);
			runOnlyForDeploymentPostprocessing = 0;
		};
		DC9129441C27A1A2009E379B /* Sources */ = {
			isa = PBXSourcesBuildPhase;
			buildActionMask = 2147483647;
			files = (
				DC91294D1C27A1A2009E379B /* my_favorite_weatherTests.swift in Sources */,
			);
			runOnlyForDeploymentPostprocessing = 0;
		};
		DC91294F1C27A1A2009E379B /* Sources */ = {
			isa = PBXSourcesBuildPhase;
			buildActionMask = 2147483647;
			files = (
				DC9129581C27A1A2009E379B /* my_favorite_weatherUITests.swift in Sources */,
			);
			runOnlyForDeploymentPostprocessing = 0;
		};
/* End PBXSourcesBuildPhase section */

/* Begin PBXTargetDependency section */
		DC91294A1C27A1A2009E379B /* PBXTargetDependency */ = {
			isa = PBXTargetDependency;
			target = DC9129301C27A1A1009E379B /* iWeather */;
			targetProxy = DC9129491C27A1A2009E379B /* PBXContainerItemProxy */;
		};
		DC9129551C27A1A2009E379B /* PBXTargetDependency */ = {
			isa = PBXTargetDependency;
			target = DC9129301C27A1A1009E379B /* iWeather */;
			targetProxy = DC9129541C27A1A2009E379B /* PBXContainerItemProxy */;
		};
/* End PBXTargetDependency section */

/* Begin PBXVariantGroup section */
		DC9129381C27A1A1009E379B /* Main.storyboard */ = {
			isa = PBXVariantGroup;
			children = (
				DC9129391C27A1A1009E379B /* Base */,
				DC94FBFF1C4B8B88009394FA /* en */,
				DC94FC011C4B8CBD009394FA /* fr */,
				DC94FC041C4B8CD8009394FA /* zh-Hans */,
				DC94FC061C4B9638009394FA /* zh-Hant */,
			);
			name = Main.storyboard;
			sourceTree = "<group>";
		};
		DCA52A201C3BF74C000133D0 /* Localizable.strings */ = {
			isa = PBXVariantGroup;
			children = (
				DCA52A1F1C3BF74C000133D0 /* fr */,
				DCA52A251C3BFA62000133D0 /* zh-Hans */,
				DCF5B41D1C3D0E2A00AB0FF8 /* en */,
				DC94FC081C4B9638009394FA /* zh-Hant */,
				DCA9338F1C5B46500079B424 /* Base */,
			);
			name = Localizable.strings;
			path = ..;
			sourceTree = "<group>";
		};
		DCA52A281C3BFC2B000133D0 /* NoFavoriteCityView.xib */ = {
			isa = PBXVariantGroup;
			children = (
				DCA52A271C3BFC2B000133D0 /* Base */,
				DCA52A2A1C3BFC37000133D0 /* en */,
				DCA52A2C1C3BFC39000133D0 /* fr */,
				DCA52A2E1C3BFC3A000133D0 /* zh-Hans */,
				DC94FC051C4B9637009394FA /* zh-Hant */,
			);
			name = NoFavoriteCityView.xib;
			path = ..;
			sourceTree = "<group>";
		};
/* End PBXVariantGroup section */

/* Begin XCBuildConfiguration section */
		DC91295A1C27A1A2009E379B /* Debug */ = {
			isa = XCBuildConfiguration;
			buildSettings = {
				ALWAYS_SEARCH_USER_PATHS = NO;
				CLANG_CXX_LANGUAGE_STANDARD = "gnu++0x";
				CLANG_CXX_LIBRARY = "libc++";
				CLANG_ENABLE_MODULES = YES;
				CLANG_ENABLE_OBJC_ARC = YES;
				CLANG_WARN_BOOL_CONVERSION = YES;
				CLANG_WARN_CONSTANT_CONVERSION = YES;
				CLANG_WARN_DIRECT_OBJC_ISA_USAGE = YES_ERROR;
				CLANG_WARN_EMPTY_BODY = YES;
				CLANG_WARN_ENUM_CONVERSION = YES;
				CLANG_WARN_INT_CONVERSION = YES;
				CLANG_WARN_OBJC_ROOT_CLASS = YES_ERROR;
				CLANG_WARN_UNREACHABLE_CODE = YES;
				CLANG_WARN__DUPLICATE_METHOD_MATCH = YES;
				CODE_SIGN_IDENTITY = "iPhone Distribution: Anthony Kersuzan (M4YY2LX9P9)";
				"CODE_SIGN_IDENTITY[sdk=iphoneos*]" = "iPhone Distribution: Anthony Kersuzan (M4YY2LX9P9)";
				COPY_PHASE_STRIP = NO;
				DEBUG_INFORMATION_FORMAT = dwarf;
				ENABLE_STRICT_OBJC_MSGSEND = YES;
				ENABLE_TESTABILITY = YES;
				GCC_C_LANGUAGE_STANDARD = gnu99;
				GCC_DYNAMIC_NO_PIC = NO;
				GCC_NO_COMMON_BLOCKS = YES;
				GCC_OPTIMIZATION_LEVEL = 0;
				GCC_PREPROCESSOR_DEFINITIONS = (
					"DEBUG=1",
					"$(inherited)",
				);
				GCC_WARN_64_TO_32_BIT_CONVERSION = YES;
				GCC_WARN_ABOUT_RETURN_TYPE = YES_ERROR;
				GCC_WARN_UNDECLARED_SELECTOR = YES;
				GCC_WARN_UNINITIALIZED_AUTOS = YES_AGGRESSIVE;
				GCC_WARN_UNUSED_FUNCTION = YES;
				GCC_WARN_UNUSED_VARIABLE = YES;
				IPHONEOS_DEPLOYMENT_TARGET = 8.0;
				MTL_ENABLE_DEBUG_INFO = YES;
				ONLY_ACTIVE_ARCH = YES;
				PROVISIONING_PROFILE = "7aa471e9-4c07-4707-9f27-34400977a107";
				SDKROOT = iphoneos;
				SWIFT_OPTIMIZATION_LEVEL = "-Onone";
				TARGETED_DEVICE_FAMILY = "1,2";
			};
			name = Debug;
		};
		DC91295B1C27A1A2009E379B /* Release */ = {
			isa = XCBuildConfiguration;
			buildSettings = {
				ALWAYS_SEARCH_USER_PATHS = NO;
				CLANG_CXX_LANGUAGE_STANDARD = "gnu++0x";
				CLANG_CXX_LIBRARY = "libc++";
				CLANG_ENABLE_MODULES = YES;
				CLANG_ENABLE_OBJC_ARC = YES;
				CLANG_WARN_BOOL_CONVERSION = YES;
				CLANG_WARN_CONSTANT_CONVERSION = YES;
				CLANG_WARN_DIRECT_OBJC_ISA_USAGE = YES_ERROR;
				CLANG_WARN_EMPTY_BODY = YES;
				CLANG_WARN_ENUM_CONVERSION = YES;
				CLANG_WARN_INT_CONVERSION = YES;
				CLANG_WARN_OBJC_ROOT_CLASS = YES_ERROR;
				CLANG_WARN_UNREACHABLE_CODE = YES;
				CLANG_WARN__DUPLICATE_METHOD_MATCH = YES;
				CODE_SIGN_IDENTITY = "iPhone Distribution: Anthony Kersuzan (M4YY2LX9P9)";
				"CODE_SIGN_IDENTITY[sdk=iphoneos*]" = "iPhone Distribution: Anthony Kersuzan (M4YY2LX9P9)";
				COPY_PHASE_STRIP = NO;
				DEBUG_INFORMATION_FORMAT = "dwarf-with-dsym";
				ENABLE_NS_ASSERTIONS = NO;
				ENABLE_STRICT_OBJC_MSGSEND = YES;
				GCC_C_LANGUAGE_STANDARD = gnu99;
				GCC_NO_COMMON_BLOCKS = YES;
				GCC_WARN_64_TO_32_BIT_CONVERSION = YES;
				GCC_WARN_ABOUT_RETURN_TYPE = YES_ERROR;
				GCC_WARN_UNDECLARED_SELECTOR = YES;
				GCC_WARN_UNINITIALIZED_AUTOS = YES_AGGRESSIVE;
				GCC_WARN_UNUSED_FUNCTION = YES;
				GCC_WARN_UNUSED_VARIABLE = YES;
				IPHONEOS_DEPLOYMENT_TARGET = 8.0;
				MTL_ENABLE_DEBUG_INFO = NO;
				PROVISIONING_PROFILE = "7aa471e9-4c07-4707-9f27-34400977a107";
				SDKROOT = iphoneos;
				TARGETED_DEVICE_FAMILY = "1,2";
				VALIDATE_PRODUCT = YES;
			};
			name = Release;
		};
		DC91295D1C27A1A2009E379B /* Debug */ = {
			isa = XCBuildConfiguration;
			baseConfigurationReference = 05A67B8D20D9A0A6C380E353 /* Pods-iWeather.debug.xcconfig */;
			buildSettings = {
				ASSETCATALOG_COMPILER_APPICON_NAME = AppIcon;
				CODE_SIGN_IDENTITY = "iPhone Distribution: Anthony Kersuzan (M4YY2LX9P9)";
				"CODE_SIGN_IDENTITY[sdk=iphoneos*]" = "iPhone Distribution";
				DEVELOPMENT_TEAM = M4YY2LX9P9;
				INFOPLIST_FILE = "my-favorite-weather/Info.plist";
				IPHONEOS_DEPLOYMENT_TARGET = 9.0;
				LD_RUNPATH_SEARCH_PATHS = "$(inherited) @executable_path/Frameworks";
				PRODUCT_BUNDLE_IDENTIFIER = "com.kersuzan.i-weather";
				PRODUCT_NAME = iWeather;
				PROVISIONING_PROFILE = "0577fe04-44e9-43af-8961-572a0068cadf";
				PROVISIONING_PROFILE_SPECIFIER = iWeather_dist;
				SWIFT_VERSION = 3.0;
			};
			name = Debug;
		};
		DC91295E1C27A1A2009E379B /* Release */ = {
			isa = XCBuildConfiguration;
			baseConfigurationReference = DD2ABC383A6BB7F2126518B8 /* Pods-iWeather.release.xcconfig */;
			buildSettings = {
				ASSETCATALOG_COMPILER_APPICON_NAME = AppIcon;
				CODE_SIGN_IDENTITY = "iPhone Distribution: Anthony Kersuzan (M4YY2LX9P9)";
				"CODE_SIGN_IDENTITY[sdk=iphoneos*]" = "iPhone Distribution";
				DEVELOPMENT_TEAM = M4YY2LX9P9;
				INFOPLIST_FILE = "my-favorite-weather/Info.plist";
				IPHONEOS_DEPLOYMENT_TARGET = 9.0;
				LD_RUNPATH_SEARCH_PATHS = "$(inherited) @executable_path/Frameworks";
				PRODUCT_BUNDLE_IDENTIFIER = "com.kersuzan.i-weather";
				PRODUCT_NAME = iWeather;
				PROVISIONING_PROFILE = "0577fe04-44e9-43af-8961-572a0068cadf";
				PROVISIONING_PROFILE_SPECIFIER = iWeather_dist;
				SWIFT_VERSION = 3.0;
			};
			name = Release;
		};
		DC9129601C27A1A2009E379B /* Debug */ = {
			isa = XCBuildConfiguration;
			buildSettings = {
				BUNDLE_LOADER = "$(TEST_HOST)";
				INFOPLIST_FILE = "my-favorite-weatherTests/Info.plist";
				LD_RUNPATH_SEARCH_PATHS = "$(inherited) @executable_path/Frameworks @loader_path/Frameworks";
				PRODUCT_BUNDLE_IDENTIFIER = "com.kersuzan.my-favorite-weatherTests";
				PRODUCT_NAME = iWeather;
				SWIFT_VERSION = 3.0;
				TEST_HOST = "$(BUILT_PRODUCTS_DIR)/iWeather.app/iWeather";
			};
			name = Debug;
		};
		DC9129611C27A1A2009E379B /* Release */ = {
			isa = XCBuildConfiguration;
			buildSettings = {
				BUNDLE_LOADER = "$(TEST_HOST)";
				INFOPLIST_FILE = "my-favorite-weatherTests/Info.plist";
				LD_RUNPATH_SEARCH_PATHS = "$(inherited) @executable_path/Frameworks @loader_path/Frameworks";
				PRODUCT_BUNDLE_IDENTIFIER = "com.kersuzan.my-favorite-weatherTests";
				PRODUCT_NAME = iWeather;
				SWIFT_VERSION = 3.0;
				TEST_HOST = "$(BUILT_PRODUCTS_DIR)/iWeather.app/iWeather";
			};
			name = Release;
		};
		DC9129631C27A1A2009E379B /* Debug */ = {
			isa = XCBuildConfiguration;
			buildSettings = {
				INFOPLIST_FILE = "my-favorite-weatherUITests/Info.plist";
				LD_RUNPATH_SEARCH_PATHS = "$(inherited) @executable_path/Frameworks @loader_path/Frameworks";
				PRODUCT_BUNDLE_IDENTIFIER = "com.kersuzan.my-favorite-weatherUITests";
				PRODUCT_NAME = iWeather;
				SWIFT_VERSION = 3.0;
				TEST_TARGET_NAME = "my-favorite-weather";
				USES_XCTRUNNER = YES;
			};
			name = Debug;
		};
		DC9129641C27A1A2009E379B /* Release */ = {
			isa = XCBuildConfiguration;
			buildSettings = {
				INFOPLIST_FILE = "my-favorite-weatherUITests/Info.plist";
				LD_RUNPATH_SEARCH_PATHS = "$(inherited) @executable_path/Frameworks @loader_path/Frameworks";
				PRODUCT_BUNDLE_IDENTIFIER = "com.kersuzan.my-favorite-weatherUITests";
				PRODUCT_NAME = iWeather;
				SWIFT_VERSION = 3.0;
				TEST_TARGET_NAME = "my-favorite-weather";
				USES_XCTRUNNER = YES;
			};
			name = Release;
		};
/* End XCBuildConfiguration section */

/* Begin XCConfigurationList section */
		DC91292C1C27A1A1009E379B /* Build configuration list for PBXProject "iWeather" */ = {
			isa = XCConfigurationList;
			buildConfigurations = (
				DC91295A1C27A1A2009E379B /* Debug */,
				DC91295B1C27A1A2009E379B /* Release */,
			);
			defaultConfigurationIsVisible = 0;
			defaultConfigurationName = Release;
		};
		DC91295C1C27A1A2009E379B /* Build configuration list for PBXNativeTarget "iWeather" */ = {
			isa = XCConfigurationList;
			buildConfigurations = (
				DC91295D1C27A1A2009E379B /* Debug */,
				DC91295E1C27A1A2009E379B /* Release */,
			);
			defaultConfigurationIsVisible = 0;
			defaultConfigurationName = Release;
		};
		DC91295F1C27A1A2009E379B /* Build configuration list for PBXNativeTarget "iWeatherTests" */ = {
			isa = XCConfigurationList;
			buildConfigurations = (
				DC9129601C27A1A2009E379B /* Debug */,
				DC9129611C27A1A2009E379B /* Release */,
			);
			defaultConfigurationIsVisible = 0;
			defaultConfigurationName = Release;
		};
		DC9129621C27A1A2009E379B /* Build configuration list for PBXNativeTarget "iWeatherUITests" */ = {
			isa = XCConfigurationList;
			buildConfigurations = (
				DC9129631C27A1A2009E379B /* Debug */,
				DC9129641C27A1A2009E379B /* Release */,
			);
			defaultConfigurationIsVisible = 0;
			defaultConfigurationName = Release;
		};
/* End XCConfigurationList section */

/* Begin XCVersionGroup section */
		DC91293B1C27A1A1009E379B /* my_favorite_weather.xcdatamodeld */ = {
			isa = XCVersionGroup;
			children = (
				DC91293C1C27A1A1009E379B /* my_favorite_weather.xcdatamodel */,
			);
			currentVersion = DC91293C1C27A1A1009E379B /* my_favorite_weather.xcdatamodel */;
			path = my_favorite_weather.xcdatamodeld;
			sourceTree = "<group>";
			versionGroupType = wrapper.xcdatamodel;
		};
/* End XCVersionGroup section */
	};
	rootObject = DC9129291C27A1A1009E379B /* Project object */;
}
